
Microsoft Visual Studio Solution File, Format Version 12.00
# Visual Studio Version 17
VisualStudioVersion = 17.8.34330.188
MinimumVisualStudioVersion = 10.0.40219.1
Project("{FAE04EC0-301F-11D3-BF4B-00C04F79EFBC}") = "dotnetapp", "dotnetapp.csproj", "{ECC7F409-6EB2-4369-A017-10CAA1997905}"
EndProject
Global
	GlobalSection(SolutionConfigurationPlatforms) = preSolution
		Debug|Any CPU = Debug|Any CPU
		Release|Any CPU = Release|Any CPU
	EndGlobalSection
	GlobalSection(ProjectConfigurationPlatforms) = postSolution
		{ECC7F409-6EB2-4369-A017-10CAA1997905}.Debug|Any CPU.ActiveCfg = Debug|Any CPU
		{ECC7F409-6EB2-4369-A017-10CAA1997905}.Debug|Any CPU.Build.0 = Debug|Any CPU
		{ECC7F409-6EB2-4369-A017-10CAA1997905}.Release|Any CPU.ActiveCfg = Release|Any CPU
		{ECC7F409-6EB2-4369-A017-10CAA1997905}.Release|Any CPU.Build.0 = Release|Any CPU
	EndGlobalSection
	GlobalSection(SolutionProperties) = preSolution
		HideSolutionNode = FALSE
	EndGlobalSection
	GlobalSection(ExtensibilityGlobals) = postSolution
		SolutionGuid = {B461FB3F-A45A-4E0E-BE6A-104E18D230EF}
	EndGlobalSection
EndGlobal
