
Microsoft Visual Studio Solution File, Format Version 12.00
# Visual Studio Version 17
VisualStudioVersion = 17.0.31903.59
MinimumVisualStudioVersion = 10.0.40219.1
Project("{FAE04EC0-301F-11D3-BF4B-00C04F79EFBC}") = "dotnetapp", "dotnetapp.csproj", "{F82114C7-C691-413C-B2D5-445D0E8935A1}"
EndProject
Project("{FAE04EC0-301F-11D3-BF4B-00C04F79EFBC}") = "Testproject", "..\Testproject\Testproject.csproj", "{74D7EC41-3E87-4B96-AEAB-945D10DBD63F}"
EndProject
Global
	GlobalSection(SolutionConfigurationPlatforms) = preSolution
		Debug|Any CPU = Debug|Any CPU
		Release|Any CPU = Release|Any CPU
	EndGlobalSection
	GlobalSection(SolutionProperties) = preSolution
		HideSolutionNode = FALSE
	EndGlobalSection
	GlobalSection(ProjectConfigurationPlatforms) = postSolution
		{F82114C7-C691-413C-B2D5-445D0E8935A1}.Debug|Any CPU.ActiveCfg = Debug|Any CPU
		{F82114C7-C691-413C-B2D5-445D0E8935A1}.Debug|Any CPU.Build.0 = Debug|Any CPU
		{F82114C7-C691-413C-B2D5-445D0E8935A1}.Release|Any CPU.ActiveCfg = Release|Any CPU
		{F82114C7-C691-413C-B2D5-445D0E8935A1}.Release|Any CPU.Build.0 = Release|Any CPU
		{74D7EC41-3E87-4B96-AEAB-945D10DBD63F}.Debug|Any CPU.ActiveCfg = Debug|Any CPU
		{74D7EC41-3E87-4B96-AEAB-945D10DBD63F}.Debug|Any CPU.Build.0 = Debug|Any CPU
		{74D7EC41-3E87-4B96-AEAB-945D10DBD63F}.Release|Any CPU.ActiveCfg = Release|Any CPU
		{74D7EC41-3E87-4B96-AEAB-945D10DBD63F}.Release|Any CPU.Build.0 = Release|Any CPU
	EndGlobalSection
EndGlobal
